// !$*UTF8*$!
{
	archiveVersion = 1;
	classes = {
	};
	objectVersion = 50;
	objects = {

/* Begin PBXBuildFile section */
		4A577F1F22E148E5008DE221 /* logo_IAC.png in Resources */ = {isa = PBXBuildFile; fileRef = 4A577F1C22E148E5008DE221 /* logo_IAC.png */; };
		4A577F2022E148E5008DE221 /* iacicon.icns in Resources */ = {isa = PBXBuildFile; fileRef = 4A577F1D22E148E5008DE221 /* iacicon.icns */; };
		4A577F2122E148E5008DE221 /* Qimg.png in Resources */ = {isa = PBXBuildFile; fileRef = 4A577F1E22E148E5008DE221 /* Qimg.png */; };
		4A9AED5222D43D4900C14EB4 /* IACPlist.m in Sources */ = {isa = PBXBuildFile; fileRef = 4A9AED5122D43D4900C14EB4 /* IACPlist.m */; };
		4A9AED5422D43EA000C14EB4 /* ini.plist in Resources */ = {isa = PBXBuildFile; fileRef = 4A9AED5322D43EA000C14EB4 /* ini.plist */; };
		4A9AED6D22D4B1D000C14EB4 /* IACTestItem.m in Sources */ = {isa = PBXBuildFile; fileRef = 4A9AED6C22D4B1D000C14EB4 /* IACTestItem.m */; };
		4AE736BC22C464DC00D0F5A1 /* AppDelegate.m in Sources */ = {isa = PBXBuildFile; fileRef = 4AE736BB22C464DC00D0F5A1 /* AppDelegate.m */; };
		4AE736BE22C464DD00D0F5A1 /* Assets.xcassets in Resources */ = {isa = PBXBuildFile; fileRef = 4AE736BD22C464DD00D0F5A1 /* Assets.xcassets */; };
		4AE736C122C464DD00D0F5A1 /* MainMenu.xib in Resources */ = {isa = PBXBuildFile; fileRef = 4AE736BF22C464DD00D0F5A1 /* MainMenu.xib */; };
		4AE736C422C464DD00D0F5A1 /* main.m in Sources */ = {isa = PBXBuildFile; fileRef = 4AE736C322C464DD00D0F5A1 /* main.m */; };
		4AE736D322C4654B00D0F5A1 /* IACFunction.m in Sources */ = {isa = PBXBuildFile; fileRef = 4AE736D222C4654B00D0F5A1 /* IACFunction.m */; };
		4AE736D622C4655B00D0F5A1 /* IACUI.m in Sources */ = {isa = PBXBuildFile; fileRef = 4AE736D522C4655B00D0F5A1 /* IACUI.m */; };
		4AE736D922C4656A00D0F5A1 /* IACRequest.m in Sources */ = {isa = PBXBuildFile; fileRef = 4AE736D822C4656A00D0F5A1 /* IACRequest.m */; };
/* End PBXBuildFile section */

/* Begin PBXFileReference section */
		4A577F1C22E148E5008DE221 /* logo_IAC.png */ = {isa = PBXFileReference; lastKnownFileType = image.png; path = logo_IAC.png; sourceTree = "<group>"; };
		4A577F1D22E148E5008DE221 /* iacicon.icns */ = {isa = PBXFileReference; lastKnownFileType = image.icns; path = iacicon.icns; sourceTree = "<group>"; };
		4A577F1E22E148E5008DE221 /* Qimg.png */ = {isa = PBXFileReference; lastKnownFileType = image.png; path = Qimg.png; sourceTree = "<group>"; };
		4A9AED5022D43D4900C14EB4 /* IACPlist.h */ = {isa = PBXFileReference; lastKnownFileType = sourcecode.c.h; path = IACPlist.h; sourceTree = "<group>"; };
		4A9AED5122D43D4900C14EB4 /* IACPlist.m */ = {isa = PBXFileReference; lastKnownFileType = sourcecode.c.objc; path = IACPlist.m; sourceTree = "<group>"; };
		4A9AED5322D43EA000C14EB4 /* ini.plist */ = {isa = PBXFileReference; fileEncoding = 4; lastKnownFileType = text.plist.xml; path = ini.plist; sourceTree = "<group>"; };
		4A9AED6B22D4B1D000C14EB4 /* IACTestItem.h */ = {isa = PBXFileReference; lastKnownFileType = sourcecode.c.h; path = IACTestItem.h; sourceTree = "<group>"; };
		4A9AED6C22D4B1D000C14EB4 /* IACTestItem.m */ = {isa = PBXFileReference; lastKnownFileType = sourcecode.c.objc; path = IACTestItem.m; sourceTree = "<group>"; };
		4AE736B722C464DC00D0F5A1 /* IACHost.app */ = {isa = PBXFileReference; explicitFileType = wrapper.application; includeInIndex = 0; path = IACHost.app; sourceTree = BUILT_PRODUCTS_DIR; };
		4AE736BA22C464DC00D0F5A1 /* AppDelegate.h */ = {isa = PBXFileReference; lastKnownFileType = sourcecode.c.h; path = AppDelegate.h; sourceTree = "<group>"; };
		4AE736BB22C464DC00D0F5A1 /* AppDelegate.m */ = {isa = PBXFileReference; lastKnownFileType = sourcecode.c.objc; path = AppDelegate.m; sourceTree = "<group>"; };
		4AE736BD22C464DD00D0F5A1 /* Assets.xcassets */ = {isa = PBXFileReference; lastKnownFileType = folder.assetcatalog; path = Assets.xcassets; sourceTree = "<group>"; };
		4AE736C022C464DD00D0F5A1 /* Base */ = {isa = PBXFileReference; lastKnownFileType = file.xib; name = Base; path = Base.lproj/MainMenu.xib; sourceTree = "<group>"; };
		4AE736C222C464DD00D0F5A1 /* Info.plist */ = {isa = PBXFileReference; lastKnownFileType = text.plist.xml; path = Info.plist; sourceTree = "<group>"; };
		4AE736C322C464DD00D0F5A1 /* main.m */ = {isa = PBXFileReference; lastKnownFileType = sourcecode.c.objc; path = main.m; sourceTree = "<group>"; };
		4AE736C522C464DD00D0F5A1 /* IACHost.entitlements */ = {isa = PBXFileReference; lastKnownFileType = text.plist.entitlements; path = IACHost.entitlements; sourceTree = "<group>"; };
		4AE736D122C4654B00D0F5A1 /* IACFunction.h */ = {isa = PBXFileReference; lastKnownFileType = sourcecode.c.h; path = IACFunction.h; sourceTree = "<group>"; };
		4AE736D222C4654B00D0F5A1 /* IACFunction.m */ = {isa = PBXFileReference; lastKnownFileType = sourcecode.c.objc; path = IACFunction.m; sourceTree = "<group>"; };
		4AE736D422C4655B00D0F5A1 /* IACUI.h */ = {isa = PBXFileReference; lastKnownFileType = sourcecode.c.h; path = IACUI.h; sourceTree = "<group>"; };
		4AE736D522C4655B00D0F5A1 /* IACUI.m */ = {isa = PBXFileReference; lastKnownFileType = sourcecode.c.objc; path = IACUI.m; sourceTree = "<group>"; };
		4AE736D722C4656A00D0F5A1 /* IACRequest.h */ = {isa = PBXFileReference; lastKnownFileType = sourcecode.c.h; path = IACRequest.h; sourceTree = "<group>"; };
		4AE736D822C4656A00D0F5A1 /* IACRequest.m */ = {isa = PBXFileReference; lastKnownFileType = sourcecode.c.objc; path = IACRequest.m; sourceTree = "<group>"; };
/* End PBXFileReference section */

/* Begin PBXFrameworksBuildPhase section */
		4AE736B422C464DC00D0F5A1 /* Frameworks */ = {
			isa = PBXFrameworksBuildPhase;
			buildActionMask = 2147483647;
			files = (
			);
			runOnlyForDeploymentPostprocessing = 0;
		};
/* End PBXFrameworksBuildPhase section */

/* Begin PBXGroup section */
		4A577F1B22E148C3008DE221 /* image */ = {
			isa = PBXGroup;
			children = (
				4A577F1D22E148E5008DE221 /* iacicon.icns */,
				4A577F1C22E148E5008DE221 /* logo_IAC.png */,
				4A577F1E22E148E5008DE221 /* Qimg.png */,
			);
			path = image;
			sourceTree = "<group>";
		};
		4AE736AE22C464DC00D0F5A1 = {
			isa = PBXGroup;
			children = (
				4AE736B922C464DC00D0F5A1 /* IACHost */,
				4AE736B822C464DC00D0F5A1 /* Products */,
			);
			sourceTree = "<group>";
		};
		4AE736B822C464DC00D0F5A1 /* Products */ = {
			isa = PBXGroup;
			children = (
				4AE736B722C464DC00D0F5A1 /* IACHost.app */,
			);
			name = Products;
			sourceTree = "<group>";
		};
		4AE736B922C464DC00D0F5A1 /* IACHost */ = {
			isa = PBXGroup;
			children = (
				4AE736BA22C464DC00D0F5A1 /* AppDelegate.h */,
				4AE736BB22C464DC00D0F5A1 /* AppDelegate.m */,
				4AE736D422C4655B00D0F5A1 /* IACUI.h */,
				4AE736D522C4655B00D0F5A1 /* IACUI.m */,
				4AE736D122C4654B00D0F5A1 /* IACFunction.h */,
				4AE736D222C4654B00D0F5A1 /* IACFunction.m */,
				4AE736D722C4656A00D0F5A1 /* IACRequest.h */,
				4AE736D822C4656A00D0F5A1 /* IACRequest.m */,
				4A9AED5022D43D4900C14EB4 /* IACPlist.h */,
				4A9AED5122D43D4900C14EB4 /* IACPlist.m */,
				4A9AED6B22D4B1D000C14EB4 /* IACTestItem.h */,
				4A9AED6C22D4B1D000C14EB4 /* IACTestItem.m */,
				4A577F1B22E148C3008DE221 /* image */,
				4AE736BD22C464DD00D0F5A1 /* Assets.xcassets */,
				4AE736BF22C464DD00D0F5A1 /* MainMenu.xib */,
				4AE736C222C464DD00D0F5A1 /* Info.plist */,
				4AE736C322C464DD00D0F5A1 /* main.m */,
				4AE736C522C464DD00D0F5A1 /* IACHost.entitlements */,
				4A9AED5322D43EA000C14EB4 /* ini.plist */,
			);
			path = IACHost;
			sourceTree = "<group>";
		};
/* End PBXGroup section */

/* Begin PBXNativeTarget section */
		4AE736B622C464DC00D0F5A1 /* IACHost */ = {
			isa = PBXNativeTarget;
			buildConfigurationList = 4AE736C822C464DD00D0F5A1 /* Build configuration list for PBXNativeTarget "IACHost" */;
			buildPhases = (
				4AE736B322C464DC00D0F5A1 /* Sources */,
				4AE736B422C464DC00D0F5A1 /* Frameworks */,
				4AE736B522C464DC00D0F5A1 /* Resources */,
			);
			buildRules = (
			);
			dependencies = (
			);
			name = IACHost;
			productName = IACHost;
			productReference = 4AE736B722C464DC00D0F5A1 /* IACHost.app */;
			productType = "com.apple.product-type.application";
		};
/* End PBXNativeTarget section */

/* Begin PBXProject section */
		4AE736AF22C464DC00D0F5A1 /* Project object */ = {
			isa = PBXProject;
			attributes = {
				LastUpgradeCheck = 1010;
				ORGANIZATIONNAME = Diver;
				TargetAttributes = {
					4AE736B622C464DC00D0F5A1 = {
						CreatedOnToolsVersion = 10.1;
						SystemCapabilities = {
							com.apple.Sandbox = {
								enabled = 1;
							};
						};
					};
				};
			};
			buildConfigurationList = 4AE736B222C464DC00D0F5A1 /* Build configuration list for PBXProject "IACHost" */;
			compatibilityVersion = "Xcode 9.3";
			developmentRegion = en;
			hasScannedForEncodings = 0;
			knownRegions = (
				en,
				Base,
			);
			mainGroup = 4AE736AE22C464DC00D0F5A1;
			productRefGroup = 4AE736B822C464DC00D0F5A1 /* Products */;
			projectDirPath = "";
			projectRoot = "";
			targets = (
				4AE736B622C464DC00D0F5A1 /* IACHost */,
			);
		};
/* End PBXProject section */

/* Begin PBXResourcesBuildPhase section */
		4AE736B522C464DC00D0F5A1 /* Resources */ = {
			isa = PBXResourcesBuildPhase;
			buildActionMask = 2147483647;
			files = (
				4A577F1F22E148E5008DE221 /* logo_IAC.png in Resources */,
				4AE736BE22C464DD00D0F5A1 /* Assets.xcassets in Resources */,
				4AE736C122C464DD00D0F5A1 /* MainMenu.xib in Resources */,
				4A577F2122E148E5008DE221 /* Qimg.png in Resources */,
				4A577F2022E148E5008DE221 /* iacicon.icns in Resources */,
				4A9AED5422D43EA000C14EB4 /* ini.plist in Resources */,
			);
			runOnlyForDeploymentPostprocessing = 0;
		};
/* End PBXResourcesBuildPhase section */

/* Begin PBXSourcesBuildPhase section */
		4AE736B322C464DC00D0F5A1 /* Sources */ = {
			isa = PBXSourcesBuildPhase;
			buildActionMask = 2147483647;
			files = (
				4A9AED6D22D4B1D000C14EB4 /* IACTestItem.m in Sources */,
				4A9AED5222D43D4900C14EB4 /* IACPlist.m in Sources */,
				4AE736C422C464DD00D0F5A1 /* main.m in Sources */,
				4AE736D922C4656A00D0F5A1 /* IACRequest.m in Sources */,
				4AE736D622C4655B00D0F5A1 /* IACUI.m in Sources */,
				4AE736BC22C464DC00D0F5A1 /* AppDelegate.m in Sources */,
				4AE736D322C4654B00D0F5A1 /* IACFunction.m in Sources */,
			);
			runOnlyForDeploymentPostprocessing = 0;
		};
/* End PBXSourcesBuildPhase section */

/* Begin PBXVariantGroup section */
		4AE736BF22C464DD00D0F5A1 /* MainMenu.xib */ = {
			isa = PBXVariantGroup;
			children = (
				4AE736C022C464DD00D0F5A1 /* Base */,
			);
			name = MainMenu.xib;
			sourceTree = "<group>";
		};
/* End PBXVariantGroup section */

/* Begin XCBuildConfiguration section */
		4AE736C622C464DD00D0F5A1 /* Debug */ = {
			isa = XCBuildConfiguration;
			buildSettings = {
				ALWAYS_SEARCH_USER_PATHS = NO;
				CLANG_ANALYZER_NONNULL = YES;
				CLANG_ANALYZER_NUMBER_OBJECT_CONVERSION = YES_AGGRESSIVE;
				CLANG_CXX_LANGUAGE_STANDARD = "gnu++14";
				CLANG_CXX_LIBRARY = "libc++";
				CLANG_ENABLE_MODULES = YES;
				CLANG_ENABLE_OBJC_ARC = YES;
				CLANG_ENABLE_OBJC_WEAK = YES;
				CLANG_WARN_BLOCK_CAPTURE_AUTORELEASING = YES;
				CLANG_WARN_BOOL_CONVERSION = YES;
				CLANG_WARN_COMMA = YES;
				CLANG_WARN_CONSTANT_CONVERSION = YES;
				CLANG_WARN_DEPRECATED_OBJC_IMPLEMENTATIONS = YES;
				CLANG_WARN_DIRECT_OBJC_ISA_USAGE = YES_ERROR;
				CLANG_WARN_DOCUMENTATION_COMMENTS = YES;
				CLANG_WARN_EMPTY_BODY = YES;
				CLANG_WARN_ENUM_CONVERSION = YES;
				CLANG_WARN_INFINITE_RECURSION = YES;
				CLANG_WARN_INT_CONVERSION = YES;
				CLANG_WARN_NON_LITERAL_NULL_CONVERSION = YES;
				CLANG_WARN_OBJC_IMPLICIT_RETAIN_SELF = YES;
				CLANG_WARN_OBJC_LITERAL_CONVERSION = YES;
				CLANG_WARN_OBJC_ROOT_CLASS = YES_ERROR;
				CLANG_WARN_RANGE_LOOP_ANALYSIS = YES;
				CLANG_WARN_STRICT_PROTOTYPES = YES;
				CLANG_WARN_SUSPICIOUS_MOVE = YES;
				CLANG_WARN_UNGUARDED_AVAILABILITY = YES_AGGRESSIVE;
				CLANG_WARN_UNREACHABLE_CODE = YES;
				CLANG_WARN__DUPLICATE_METHOD_MATCH = YES;
				CODE_SIGN_IDENTITY = "Mac Developer";
				COPY_PHASE_STRIP = NO;
				DEBUG_INFORMATION_FORMAT = dwarf;
				ENABLE_STRICT_OBJC_MSGSEND = YES;
				ENABLE_TESTABILITY = YES;
				GCC_C_LANGUAGE_STANDARD = gnu11;
				GCC_DYNAMIC_NO_PIC = NO;
				GCC_NO_COMMON_BLOCKS = YES;
				GCC_OPTIMIZATION_LEVEL = 0;
				GCC_PREPROCESSOR_DEFINITIONS = (
					"DEBUG=1",
					"$(inherited)",
				);
				GCC_WARN_64_TO_32_BIT_CONVERSION = YES;
				GCC_WARN_ABOUT_RETURN_TYPE = YES_ERROR;
				GCC_WARN_UNDECLARED_SELECTOR = YES;
				GCC_WARN_UNINITIALIZED_AUTOS = YES_AGGRESSIVE;
				GCC_WARN_UNUSED_FUNCTION = YES;
				GCC_WARN_UNUSED_VARIABLE = YES;
				MACOSX_DEPLOYMENT_TARGET = 10.10;
				MTL_ENABLE_DEBUG_INFO = INCLUDE_SOURCE;
				MTL_FAST_MATH = YES;
				ONLY_ACTIVE_ARCH = YES;
				SDKROOT = macosx;
			};
			name = Debug;
		};
		4AE736C722C464DD00D0F5A1 /* Release */ = {
			isa = XCBuildConfiguration;
			buildSettings = {
				ALWAYS_SEARCH_USER_PATHS = NO;
				CLANG_ANALYZER_NONNULL = YES;
				CLANG_ANALYZER_NUMBER_OBJECT_CONVERSION = YES_AGGRESSIVE;
				CLANG_CXX_LANGUAGE_STANDARD = "gnu++14";
				CLANG_CXX_LIBRARY = "libc++";
				CLANG_ENABLE_MODULES = YES;
				CLANG_ENABLE_OBJC_ARC = YES;
				CLANG_ENABLE_OBJC_WEAK = YES;
				CLANG_WARN_BLOCK_CAPTURE_AUTORELEASING = YES;
				CLANG_WARN_BOOL_CONVERSION = YES;
				CLANG_WARN_COMMA = YES;
				CLANG_WARN_CONSTANT_CONVERSION = YES;
				CLANG_WARN_DEPRECATED_OBJC_IMPLEMENTATIONS = YES;
				CLANG_WARN_DIRECT_OBJC_ISA_USAGE = YES_ERROR;
				CLANG_WARN_DOCUMENTATION_COMMENTS = YES;
				CLANG_WARN_EMPTY_BODY = YES;
				CLANG_WARN_ENUM_CONVERSION = YES;
				CLANG_WARN_INFINITE_RECURSION = YES;
				CLANG_WARN_INT_CONVERSION = YES;
				CLANG_WARN_NON_LITERAL_NULL_CONVERSION = YES;
				CLANG_WARN_OBJC_IMPLICIT_RETAIN_SELF = YES;
				CLANG_WARN_OBJC_LITERAL_CONVERSION = YES;
				CLANG_WARN_OBJC_ROOT_CLASS = YES_ERROR;
				CLANG_WARN_RANGE_LOOP_ANALYSIS = YES;
				CLANG_WARN_STRICT_PROTOTYPES = YES;
				CLANG_WARN_SUSPICIOUS_MOVE = YES;
				CLANG_WARN_UNGUARDED_AVAILABILITY = YES_AGGRESSIVE;
				CLANG_WARN_UNREACHABLE_CODE = YES;
				CLANG_WARN__DUPLICATE_METHOD_MATCH = YES;
				CODE_SIGN_IDENTITY = "Mac Developer";
				COPY_PHASE_STRIP = NO;
				DEBUG_INFORMATION_FORMAT = "dwarf-with-dsym";
				ENABLE_NS_ASSERTIONS = NO;
				ENABLE_STRICT_OBJC_MSGSEND = YES;
				GCC_C_LANGUAGE_STANDARD = gnu11;
				GCC_NO_COMMON_BLOCKS = YES;
				GCC_WARN_64_TO_32_BIT_CONVERSION = YES;
				GCC_WARN_ABOUT_RETURN_TYPE = YES_ERROR;
				GCC_WARN_UNDECLARED_SELECTOR = YES;
				GCC_WARN_UNINITIALIZED_AUTOS = YES_AGGRESSIVE;
				GCC_WARN_UNUSED_FUNCTION = YES;
				GCC_WARN_UNUSED_VARIABLE = YES;
				MACOSX_DEPLOYMENT_TARGET = 10.10;
				MTL_ENABLE_DEBUG_INFO = NO;
				MTL_FAST_MATH = YES;
				SDKROOT = macosx;
			};
			name = Release;
		};
		4AE736C922C464DD00D0F5A1 /* Debug */ = {
			isa = XCBuildConfiguration;
			buildSettings = {
				ASSETCATALOG_COMPILER_APPICON_NAME = AppIcon;
				CODE_SIGN_ENTITLEMENTS = IACHost/IACHost.entitlements;
				CODE_SIGN_STYLE = Automatic;
				COMBINE_HIDPI_IMAGES = YES;
				DEVELOPMENT_TEAM = 3L98A7FA39;
				INFOPLIST_FILE = IACHost/Info.plist;
				LD_RUNPATH_SEARCH_PATHS = (
					"$(inherited)",
					"@executable_path/../Frameworks",
				);
				PRODUCT_BUNDLE_IDENTIFIER = diver.LY.IACHost;
				PRODUCT_NAME = "$(TARGET_NAME)";
			};
			name = Debug;
		};
		4AE736CA22C464DD00D0F5A1 /* Release */ = {
			isa = XCBuildConfiguration;
			buildSettings = {
				ASSETCATALOG_COMPILER_APPICON_NAME = AppIcon;
				CODE_SIGN_ENTITLEMENTS = IACHost/IACHost.entitlements;
				CODE_SIGN_STYLE = Automatic;
				COMBINE_HIDPI_IMAGES = YES;
				DEVELOPMENT_TEAM = 3L98A7FA39;
				INFOPLIST_FILE = IACHost/Info.plist;
				LD_RUNPATH_SEARCH_PATHS = (
					"$(inherited)",
					"@executable_path/../Frameworks",
				);
				PRODUCT_BUNDLE_IDENTIFIER = diver.LY.IACHost;
				PRODUCT_NAME = "$(TARGET_NAME)";
			};
			name = Release;
		};
/* End XCBuildConfiguration section */

/* Begin XCConfigurationList section */
		4AE736B222C464DC00D0F5A1 /* Build configuration list for PBXProject "IACHost" */ = {
			isa = XCConfigurationList;
			buildConfigurations = (
				4AE736C622C464DD00D0F5A1 /* Debug */,
				4AE736C722C464DD00D0F5A1 /* Release */,
			);
			defaultConfigurationIsVisible = 0;
			defaultConfigurationName = Release;
		};
		4AE736C822C464DD00D0F5A1 /* Build configuration list for PBXNativeTarget "IACHost" */ = {
			isa = XCConfigurationList;
			buildConfigurations = (
				4AE736C922C464DD00D0F5A1 /* Debug */,
				4AE736CA22C464DD00D0F5A1 /* Release */,
			);
			defaultConfigurationIsVisible = 0;
			defaultConfigurationName = Release;
		};
/* End XCConfigurationList section */
	};
	rootObject = 4AE736AF22C464DC00D0F5A1 /* Project object */;
}
